
Microsoft Visual Studio Solution File, Format Version 12.00
# Visual Studio Version 17
VisualStudioVersion = 17.0.32112.339
MinimumVisualStudioVersion = 10.0.40219.1
Project("{FAE04EC0-301F-11D3-BF4B-00C04F79EFBC}") = "PruebaEventos", "PruebaEventos\PruebaEventos.csproj", "{7BDC2467-3B92-4B4C-9C8C-DA53CD93B2F7}"
EndProject
Project("{FAE04EC0-301F-11D3-BF4B-00C04F79EFBC}") = "Hex", "Hex\Hex.csproj", "{F58586D1-1E9C-40B8-8008-4B963C6E1B17}"
EndProject
Project("{FAE04EC0-301F-11D3-BF4B-00C04F79EFBC}") = "Rijndael", "Rijndael\Rijndael.csproj", "{587FCDF2-CFC6-4896-AF8E-E9E1D79A0E25}"
EndProject
Project("{FAE04EC0-301F-11D3-BF4B-00C04F79EFBC}") = "Pruebas Unitarias Cerebro", "Pruebas Unitarias Cerebro\Pruebas Unitarias Cerebro.csproj", "{DA473F79-FE37-43AD-81FC-22A64824BCBB}"
EndProject
Project("{FAE04EC0-301F-11D3-BF4B-00C04F79EFBC}") = "Ejemplo Elster", "Ejemplo Elster\Ejemplo Elster.csproj", "{BD4E9BC3-C4F1-4144-91AC-74AEB6E3F31C}"
EndProject
Project("{FAE04EC0-301F-11D3-BF4B-00C04F79EFBC}") = "Tramas Elster", "Tramas Elster\Tramas Elster.csproj", "{BB92DBEF-CBF2-4B09-A971-CF70D4C67C1F}"
EndProject
Project("{FAE04EC0-301F-11D3-BF4B-00C04F79EFBC}") = "CRC", "CRC\CRC.csproj", "{DD984F8B-6D49-45D5-B734-90386A0E271C}"
EndProject
Project("{8BC9CEB8-8B4A-11D0-8D11-00A0C91BC942}") = "Elster C", "Elster C\Elster C.vcxproj", "{D5714404-626D-42E5-9000-EA5EB0EACABB}"
EndProject
Project("{8BC9CEB8-8B4A-11D0-8D11-00A0C91BC942}") = "LibreriaElster", "LibreriaElster\LibreriaElster.vcxproj", "{0634325E-9F30-4D74-B498-2065D9BA2A53}"
EndProject
Project("{FAE04EC0-301F-11D3-BF4B-00C04F79EFBC}") = "MedidoresEneri", "MedidoresEneri\MedidoresEneri.csproj", "{E11EF100-07CE-47A5-B5C5-2F72019E6778}"
EndProject
Project("{FAE04EC0-301F-11D3-BF4B-00C04F79EFBC}") = "WpfApp1", "WpfApp1\WpfApp1.csproj", "{EFA4637C-B860-47AF-B590-2D36E28B6AAA}"
EndProject
Project("{FAE04EC0-301F-11D3-BF4B-00C04F79EFBC}") = "fasoriales", "fasoriales\fasoriales.csproj", "{4404F9E4-389D-4E02-A460-1D700D3DDC04}"
EndProject
Project("{2150E333-8FDC-42A3-9474-1A3956D46DE8}") = "Solution Items", "Solution Items", "{06893BF2-6934-4BDC-BD74-732BE5447484}"
	ProjectSection(SolutionItems) = preProject
		.editorconfig = .editorconfig
		File1.fs = File1.fs
	EndProjectSection
EndProject
Project("{FAE04EC0-301F-11D3-BF4B-00C04F79EFBC}") = "TramasA3", "TramasA3\TramasA3.csproj", "{40D6E5E2-FF5C-4AA5-9F53-06F628CB7859}"
EndProject
Project("{FAE04EC0-301F-11D3-BF4B-00C04F79EFBC}") = "Farmacia", "Farmacia\Farmacia.csproj", "{195A6351-FD36-4642-BB49-1CED17CB3907}"
EndProject
Project("{FAE04EC0-301F-11D3-BF4B-00C04F79EFBC}") = "EneriGen2", "EneriGen2\EneriGen2.csproj", "{BEEDBADB-7BBF-4EDE-A062-0DE6693A192D}"
EndProject
Project("{FAE04EC0-301F-11D3-BF4B-00C04F79EFBC}") = "LecturaRex", "LecturaRex\LecturaRex.csproj", "{E8825797-A4F7-4AC5-B54C-7D395B202AF1}"
EndProject
Project("{FAE04EC0-301F-11D3-BF4B-00C04F79EFBC}") = "MREX_Limpieza", "MREX_Limpieza\MREX_Limpieza.csproj", "{55F86715-F353-4E59-8AFA-E8208EB0B9BC}"
EndProject
Project("{FAE04EC0-301F-11D3-BF4B-00C04F79EFBC}") = "CalibracionMed", "CalibracionMed\CalibracionMed.csproj", "{CE68A544-54D5-46CB-B699-E953A3C6C481}"
EndProject
Project("{FAE04EC0-301F-11D3-BF4B-00C04F79EFBC}") = "ReconexionSiemens", "ReconexionSiemens\ReconexionSiemens.csproj", "{D45B624C-274D-4E24-81D6-1024EA980CC5}"
EndProject
Project("{FAE04EC0-301F-11D3-BF4B-00C04F79EFBC}") = "calculo", "calculo\calculo.csproj", "{1B7FD7E6-9347-4BD7-91E8-8F57E81A4B40}"
EndProject
Project("{FAE04EC0-301F-11D3-BF4B-00C04F79EFBC}") = "msr", "msr\msr.csproj", "{7377E577-4E07-41EE-8A35-58C49245F4B8}"
EndProject
Project("{FAE04EC0-301F-11D3-BF4B-00C04F79EFBC}") = "ConsoleApp1", "ConsoleApp1\ConsoleApp1.csproj", "{6CFCBCF1-278E-4C52-907F-349DE62E5AA7}"
EndProject
Project("{9A19103F-16F7-4668-BE54-9A1E7A4F7556}") = "ElsterGabinete", "ElsterGabinete\ElsterGabinete.csproj", "{56676528-F1C1-4858-BFE0-9DC5A6202745}"
EndProject
Project("{FAE04EC0-301F-11D3-BF4B-00C04F79EFBC}") = "ConsoleApp2", "ConsoleApp2\ConsoleApp2.csproj", "{24451485-D655-4883-9F29-8B3275F302EB}"
EndProject
Project("{FAE04EC0-301F-11D3-BF4B-00C04F79EFBC}") = "MedidoresEneri2", "MedidoresEneri2\MedidoresEneri2.csproj", "{7432A20D-15E2-4DD8-ADAF-FE8F10236C38}"
EndProject
Project("{FAE04EC0-301F-11D3-BF4B-00C04F79EFBC}") = "Cambio Hora", "Cambio Hora\Cambio Hora.csproj", "{AF037B66-20F0-4264-98EE-512104814D24}"
EndProject
Project("{FAE04EC0-301F-11D3-BF4B-00C04F79EFBC}") = "AppConsola", "AppConsola\AppConsola.csproj", "{E47AC6BA-90E5-4E3E-9C17-B6ACF9D0A870}"
EndProject
Project("{9A19103F-16F7-4668-BE54-9A1E7A4F7556}") = "APIKOALA", "APIKOALA\APIKOALA.csproj", "{DC671031-CA10-4B54-95F6-2EA04E8D25DB}"
EndProject
Project("{9A19103F-16F7-4668-BE54-9A1E7A4F7556}") = "BackEndApi", "BackEndApi\BackEndApi.csproj", "{620C22E5-6300-4B23-A565-328F3BDE7A94}"
EndProject
Project("{FAE04EC0-301F-11D3-BF4B-00C04F79EFBC}") = "CompletoMSR", "CompletoMSR\CompletoMSR.csproj", "{30AD045F-E096-4721-B160-0B8E1EDE744D}"
EndProject
Project("{FAE04EC0-301F-11D3-BF4B-00C04F79EFBC}") = "ValidarNumMed", "ValidarNumMed\ValidarNumMed.csproj", "{920D2F51-F98B-4CB7-A7B2-D3643F52B0AA}"
EndProject
Project("{FAE04EC0-301F-11D3-BF4B-00C04F79EFBC}") = "Ejercicios", "Ejercicios\Ejercicios.csproj", "{3D49C996-4F94-41A5-A936-19E1E3FD9CFC}"
EndProject
Project("{FAE04EC0-301F-11D3-BF4B-00C04F79EFBC}") = "Eneri_Traductor", "Eneri_Traductor\Eneri_Traductor.csproj", "{AFAA0C6C-74B2-4569-BD49-863F8774FE9C}"
EndProject
Global
	GlobalSection(SolutionConfigurationPlatforms) = preSolution
		Debug|Any CPU = Debug|Any CPU
		Debug|x64 = Debug|x64
		Debug|x86 = Debug|x86
		Release|Any CPU = Release|Any CPU
		Release|x64 = Release|x64
		Release|x86 = Release|x86
	EndGlobalSection
	GlobalSection(ProjectConfigurationPlatforms) = postSolution
		{7BDC2467-3B92-4B4C-9C8C-DA53CD93B2F7}.Debug|Any CPU.ActiveCfg = Debug|Any CPU
		{7BDC2467-3B92-4B4C-9C8C-DA53CD93B2F7}.Debug|Any CPU.Build.0 = Debug|Any CPU
		{7BDC2467-3B92-4B4C-9C8C-DA53CD93B2F7}.Debug|x64.ActiveCfg = Debug|Any CPU
		{7BDC2467-3B92-4B4C-9C8C-DA53CD93B2F7}.Debug|x64.Build.0 = Debug|Any CPU
		{7BDC2467-3B92-4B4C-9C8C-DA53CD93B2F7}.Debug|x86.ActiveCfg = Debug|x86
		{7BDC2467-3B92-4B4C-9C8C-DA53CD93B2F7}.Debug|x86.Build.0 = Debug|x86
		{7BDC2467-3B92-4B4C-9C8C-DA53CD93B2F7}.Release|Any CPU.ActiveCfg = Release|Any CPU
		{7BDC2467-3B92-4B4C-9C8C-DA53CD93B2F7}.Release|Any CPU.Build.0 = Release|Any CPU
		{7BDC2467-3B92-4B4C-9C8C-DA53CD93B2F7}.Release|x64.ActiveCfg = Release|Any CPU
		{7BDC2467-3B92-4B4C-9C8C-DA53CD93B2F7}.Release|x64.Build.0 = Release|Any CPU
		{7BDC2467-3B92-4B4C-9C8C-DA53CD93B2F7}.Release|x86.ActiveCfg = Release|Any CPU
		{7BDC2467-3B92-4B4C-9C8C-DA53CD93B2F7}.Release|x86.Build.0 = Release|Any CPU
		{F58586D1-1E9C-40B8-8008-4B963C6E1B17}.Debug|Any CPU.ActiveCfg = Debug|Any CPU
		{F58586D1-1E9C-40B8-8008-4B963C6E1B17}.Debug|Any CPU.Build.0 = Debug|Any CPU
		{F58586D1-1E9C-40B8-8008-4B963C6E1B17}.Debug|x64.ActiveCfg = Debug|Any CPU
		{F58586D1-1E9C-40B8-8008-4B963C6E1B17}.Debug|x64.Build.0 = Debug|Any CPU
		{F58586D1-1E9C-40B8-8008-4B963C6E1B17}.Debug|x86.ActiveCfg = Debug|Any CPU
		{F58586D1-1E9C-40B8-8008-4B963C6E1B17}.Debug|x86.Build.0 = Debug|Any CPU
		{F58586D1-1E9C-40B8-8008-4B963C6E1B17}.Release|Any CPU.ActiveCfg = Release|Any CPU
		{F58586D1-1E9C-40B8-8008-4B963C6E1B17}.Release|Any CPU.Build.0 = Release|Any CPU
		{F58586D1-1E9C-40B8-8008-4B963C6E1B17}.Release|x64.ActiveCfg = Release|Any CPU
		{F58586D1-1E9C-40B8-8008-4B963C6E1B17}.Release|x64.Build.0 = Release|Any CPU
		{F58586D1-1E9C-40B8-8008-4B963C6E1B17}.Release|x86.ActiveCfg = Release|Any CPU
		{F58586D1-1E9C-40B8-8008-4B963C6E1B17}.Release|x86.Build.0 = Release|Any CPU
		{587FCDF2-CFC6-4896-AF8E-E9E1D79A0E25}.Debug|Any CPU.ActiveCfg = Debug|Any CPU
		{587FCDF2-CFC6-4896-AF8E-E9E1D79A0E25}.Debug|Any CPU.Build.0 = Debug|Any CPU
		{587FCDF2-CFC6-4896-AF8E-E9E1D79A0E25}.Debug|x64.ActiveCfg = Debug|Any CPU
		{587FCDF2-CFC6-4896-AF8E-E9E1D79A0E25}.Debug|x64.Build.0 = Debug|Any CPU
		{587FCDF2-CFC6-4896-AF8E-E9E1D79A0E25}.Debug|x86.ActiveCfg = Debug|Any CPU
		{587FCDF2-CFC6-4896-AF8E-E9E1D79A0E25}.Debug|x86.Build.0 = Debug|Any CPU
		{587FCDF2-CFC6-4896-AF8E-E9E1D79A0E25}.Release|Any CPU.ActiveCfg = Release|Any CPU
		{587FCDF2-CFC6-4896-AF8E-E9E1D79A0E25}.Release|Any CPU.Build.0 = Release|Any CPU
		{587FCDF2-CFC6-4896-AF8E-E9E1D79A0E25}.Release|x64.ActiveCfg = Release|Any CPU
		{587FCDF2-CFC6-4896-AF8E-E9E1D79A0E25}.Release|x64.Build.0 = Release|Any CPU
		{587FCDF2-CFC6-4896-AF8E-E9E1D79A0E25}.Release|x86.ActiveCfg = Release|Any CPU
		{587FCDF2-CFC6-4896-AF8E-E9E1D79A0E25}.Release|x86.Build.0 = Release|Any CPU
		{DA473F79-FE37-43AD-81FC-22A64824BCBB}.Debug|Any CPU.ActiveCfg = Debug|Any CPU
		{DA473F79-FE37-43AD-81FC-22A64824BCBB}.Debug|Any CPU.Build.0 = Debug|Any CPU
		{DA473F79-FE37-43AD-81FC-22A64824BCBB}.Debug|x64.ActiveCfg = Debug|Any CPU
		{DA473F79-FE37-43AD-81FC-22A64824BCBB}.Debug|x64.Build.0 = Debug|Any CPU
		{DA473F79-FE37-43AD-81FC-22A64824BCBB}.Debug|x86.ActiveCfg = Debug|Any CPU
		{DA473F79-FE37-43AD-81FC-22A64824BCBB}.Debug|x86.Build.0 = Debug|Any CPU
		{DA473F79-FE37-43AD-81FC-22A64824BCBB}.Release|Any CPU.ActiveCfg = Release|Any CPU
		{DA473F79-FE37-43AD-81FC-22A64824BCBB}.Release|Any CPU.Build.0 = Release|Any CPU
		{DA473F79-FE37-43AD-81FC-22A64824BCBB}.Release|x64.ActiveCfg = Release|Any CPU
		{DA473F79-FE37-43AD-81FC-22A64824BCBB}.Release|x64.Build.0 = Release|Any CPU
		{DA473F79-FE37-43AD-81FC-22A64824BCBB}.Release|x86.ActiveCfg = Release|Any CPU
		{DA473F79-FE37-43AD-81FC-22A64824BCBB}.Release|x86.Build.0 = Release|Any CPU
		{BD4E9BC3-C4F1-4144-91AC-74AEB6E3F31C}.Debug|Any CPU.ActiveCfg = Debug|Any CPU
		{BD4E9BC3-C4F1-4144-91AC-74AEB6E3F31C}.Debug|Any CPU.Build.0 = Debug|Any CPU
		{BD4E9BC3-C4F1-4144-91AC-74AEB6E3F31C}.Debug|x64.ActiveCfg = Debug|Any CPU
		{BD4E9BC3-C4F1-4144-91AC-74AEB6E3F31C}.Debug|x64.Build.0 = Debug|Any CPU
		{BD4E9BC3-C4F1-4144-91AC-74AEB6E3F31C}.Debug|x86.ActiveCfg = Debug|Any CPU
		{BD4E9BC3-C4F1-4144-91AC-74AEB6E3F31C}.Debug|x86.Build.0 = Debug|Any CPU
		{BD4E9BC3-C4F1-4144-91AC-74AEB6E3F31C}.Release|Any CPU.ActiveCfg = Release|Any CPU
		{BD4E9BC3-C4F1-4144-91AC-74AEB6E3F31C}.Release|Any CPU.Build.0 = Release|Any CPU
		{BD4E9BC3-C4F1-4144-91AC-74AEB6E3F31C}.Release|x64.ActiveCfg = Release|Any CPU
		{BD4E9BC3-C4F1-4144-91AC-74AEB6E3F31C}.Release|x64.Build.0 = Release|Any CPU
		{BD4E9BC3-C4F1-4144-91AC-74AEB6E3F31C}.Release|x86.ActiveCfg = Release|Any CPU
		{BD4E9BC3-C4F1-4144-91AC-74AEB6E3F31C}.Release|x86.Build.0 = Release|Any CPU
		{BB92DBEF-CBF2-4B09-A971-CF70D4C67C1F}.Debug|Any CPU.ActiveCfg = Debug|Any CPU
		{BB92DBEF-CBF2-4B09-A971-CF70D4C67C1F}.Debug|Any CPU.Build.0 = Debug|Any CPU
		{BB92DBEF-CBF2-4B09-A971-CF70D4C67C1F}.Debug|x64.ActiveCfg = Debug|Any CPU
		{BB92DBEF-CBF2-4B09-A971-CF70D4C67C1F}.Debug|x64.Build.0 = Debug|Any CPU
		{BB92DBEF-CBF2-4B09-A971-CF70D4C67C1F}.Debug|x86.ActiveCfg = Debug|Any CPU
		{BB92DBEF-CBF2-4B09-A971-CF70D4C67C1F}.Debug|x86.Build.0 = Debug|Any CPU
		{BB92DBEF-CBF2-4B09-A971-CF70D4C67C1F}.Release|Any CPU.ActiveCfg = Release|Any CPU
		{BB92DBEF-CBF2-4B09-A971-CF70D4C67C1F}.Release|Any CPU.Build.0 = Release|Any CPU
		{BB92DBEF-CBF2-4B09-A971-CF70D4C67C1F}.Release|x64.ActiveCfg = Release|Any CPU
		{BB92DBEF-CBF2-4B09-A971-CF70D4C67C1F}.Release|x64.Build.0 = Release|Any CPU
		{BB92DBEF-CBF2-4B09-A971-CF70D4C67C1F}.Release|x86.ActiveCfg = Release|Any CPU
		{BB92DBEF-CBF2-4B09-A971-CF70D4C67C1F}.Release|x86.Build.0 = Release|Any CPU
		{DD984F8B-6D49-45D5-B734-90386A0E271C}.Debug|Any CPU.ActiveCfg = Debug|Any CPU
		{DD984F8B-6D49-45D5-B734-90386A0E271C}.Debug|Any CPU.Build.0 = Debug|Any CPU
		{DD984F8B-6D49-45D5-B734-90386A0E271C}.Debug|x64.ActiveCfg = Debug|Any CPU
		{DD984F8B-6D49-45D5-B734-90386A0E271C}.Debug|x64.Build.0 = Debug|Any CPU
		{DD984F8B-6D49-45D5-B734-90386A0E271C}.Debug|x86.ActiveCfg = Debug|Any CPU
		{DD984F8B-6D49-45D5-B734-90386A0E271C}.Debug|x86.Build.0 = Debug|Any CPU
		{DD984F8B-6D49-45D5-B734-90386A0E271C}.Release|Any CPU.ActiveCfg = Release|Any CPU
		{DD984F8B-6D49-45D5-B734-90386A0E271C}.Release|Any CPU.Build.0 = Release|Any CPU
		{DD984F8B-6D49-45D5-B734-90386A0E271C}.Release|x64.ActiveCfg = Release|Any CPU
		{DD984F8B-6D49-45D5-B734-90386A0E271C}.Release|x64.Build.0 = Release|Any CPU
		{DD984F8B-6D49-45D5-B734-90386A0E271C}.Release|x86.ActiveCfg = Release|Any CPU
		{DD984F8B-6D49-45D5-B734-90386A0E271C}.Release|x86.Build.0 = Release|Any CPU
		{D5714404-626D-42E5-9000-EA5EB0EACABB}.Debug|Any CPU.ActiveCfg = Debug|Win32
		{D5714404-626D-42E5-9000-EA5EB0EACABB}.Debug|x64.ActiveCfg = Debug|x64
		{D5714404-626D-42E5-9000-EA5EB0EACABB}.Debug|x64.Build.0 = Debug|x64
		{D5714404-626D-42E5-9000-EA5EB0EACABB}.Debug|x86.ActiveCfg = Debug|Win32
		{D5714404-626D-42E5-9000-EA5EB0EACABB}.Debug|x86.Build.0 = Debug|Win32
		{D5714404-626D-42E5-9000-EA5EB0EACABB}.Release|Any CPU.ActiveCfg = Release|Win32
		{D5714404-626D-42E5-9000-EA5EB0EACABB}.Release|x64.ActiveCfg = Release|x64
		{D5714404-626D-42E5-9000-EA5EB0EACABB}.Release|x64.Build.0 = Release|x64
		{D5714404-626D-42E5-9000-EA5EB0EACABB}.Release|x86.ActiveCfg = Release|Win32
		{D5714404-626D-42E5-9000-EA5EB0EACABB}.Release|x86.Build.0 = Release|Win32
		{0634325E-9F30-4D74-B498-2065D9BA2A53}.Debug|Any CPU.ActiveCfg = Debug|x64
		{0634325E-9F30-4D74-B498-2065D9BA2A53}.Debug|x64.ActiveCfg = Debug|x64
		{0634325E-9F30-4D74-B498-2065D9BA2A53}.Debug|x64.Build.0 = Debug|x64
		{0634325E-9F30-4D74-B498-2065D9BA2A53}.Debug|x86.ActiveCfg = Debug|Win32
		{0634325E-9F30-4D74-B498-2065D9BA2A53}.Debug|x86.Build.0 = Debug|Win32
		{0634325E-9F30-4D74-B498-2065D9BA2A53}.Release|Any CPU.ActiveCfg = Release|Win32
		{0634325E-9F30-4D74-B498-2065D9BA2A53}.Release|x64.ActiveCfg = Release|x64
		{0634325E-9F30-4D74-B498-2065D9BA2A53}.Release|x64.Build.0 = Release|x64
		{0634325E-9F30-4D74-B498-2065D9BA2A53}.Release|x86.ActiveCfg = Release|Win32
		{0634325E-9F30-4D74-B498-2065D9BA2A53}.Release|x86.Build.0 = Release|Win32
		{E11EF100-07CE-47A5-B5C5-2F72019E6778}.Debug|Any CPU.ActiveCfg = Debug|Any CPU
		{E11EF100-07CE-47A5-B5C5-2F72019E6778}.Debug|Any CPU.Build.0 = Debug|Any CPU
		{E11EF100-07CE-47A5-B5C5-2F72019E6778}.Debug|x64.ActiveCfg = Debug|Any CPU
		{E11EF100-07CE-47A5-B5C5-2F72019E6778}.Debug|x64.Build.0 = Debug|Any CPU
		{E11EF100-07CE-47A5-B5C5-2F72019E6778}.Debug|x86.ActiveCfg = Debug|Any CPU
		{E11EF100-07CE-47A5-B5C5-2F72019E6778}.Debug|x86.Build.0 = Debug|Any CPU
		{E11EF100-07CE-47A5-B5C5-2F72019E6778}.Release|Any CPU.ActiveCfg = Release|Any CPU
		{E11EF100-07CE-47A5-B5C5-2F72019E6778}.Release|Any CPU.Build.0 = Release|Any CPU
		{E11EF100-07CE-47A5-B5C5-2F72019E6778}.Release|x64.ActiveCfg = Release|Any CPU
		{E11EF100-07CE-47A5-B5C5-2F72019E6778}.Release|x64.Build.0 = Release|Any CPU
		{E11EF100-07CE-47A5-B5C5-2F72019E6778}.Release|x86.ActiveCfg = Release|Any CPU
		{E11EF100-07CE-47A5-B5C5-2F72019E6778}.Release|x86.Build.0 = Release|Any CPU
		{EFA4637C-B860-47AF-B590-2D36E28B6AAA}.Debug|Any CPU.ActiveCfg = Debug|Any CPU
		{EFA4637C-B860-47AF-B590-2D36E28B6AAA}.Debug|Any CPU.Build.0 = Debug|Any CPU
		{EFA4637C-B860-47AF-B590-2D36E28B6AAA}.Debug|x64.ActiveCfg = Debug|Any CPU
		{EFA4637C-B860-47AF-B590-2D36E28B6AAA}.Debug|x64.Build.0 = Debug|Any CPU
		{EFA4637C-B860-47AF-B590-2D36E28B6AAA}.Debug|x86.ActiveCfg = Debug|Any CPU
		{EFA4637C-B860-47AF-B590-2D36E28B6AAA}.Debug|x86.Build.0 = Debug|Any CPU
		{EFA4637C-B860-47AF-B590-2D36E28B6AAA}.Release|Any CPU.ActiveCfg = Release|Any CPU
		{EFA4637C-B860-47AF-B590-2D36E28B6AAA}.Release|Any CPU.Build.0 = Release|Any CPU
		{EFA4637C-B860-47AF-B590-2D36E28B6AAA}.Release|x64.ActiveCfg = Release|Any CPU
		{EFA4637C-B860-47AF-B590-2D36E28B6AAA}.Release|x64.Build.0 = Release|Any CPU
		{EFA4637C-B860-47AF-B590-2D36E28B6AAA}.Release|x86.ActiveCfg = Release|Any CPU
		{EFA4637C-B860-47AF-B590-2D36E28B6AAA}.Release|x86.Build.0 = Release|Any CPU
		{4404F9E4-389D-4E02-A460-1D700D3DDC04}.Debug|Any CPU.ActiveCfg = Debug|Any CPU
		{4404F9E4-389D-4E02-A460-1D700D3DDC04}.Debug|Any CPU.Build.0 = Debug|Any CPU
		{4404F9E4-389D-4E02-A460-1D700D3DDC04}.Debug|x64.ActiveCfg = Debug|Any CPU
		{4404F9E4-389D-4E02-A460-1D700D3DDC04}.Debug|x64.Build.0 = Debug|Any CPU
		{4404F9E4-389D-4E02-A460-1D700D3DDC04}.Debug|x86.ActiveCfg = Debug|Any CPU
		{4404F9E4-389D-4E02-A460-1D700D3DDC04}.Debug|x86.Build.0 = Debug|Any CPU
		{4404F9E4-389D-4E02-A460-1D700D3DDC04}.Release|Any CPU.ActiveCfg = Release|Any CPU
		{4404F9E4-389D-4E02-A460-1D700D3DDC04}.Release|Any CPU.Build.0 = Release|Any CPU
		{4404F9E4-389D-4E02-A460-1D700D3DDC04}.Release|x64.ActiveCfg = Release|Any CPU
		{4404F9E4-389D-4E02-A460-1D700D3DDC04}.Release|x64.Build.0 = Release|Any CPU
		{4404F9E4-389D-4E02-A460-1D700D3DDC04}.Release|x86.ActiveCfg = Release|Any CPU
		{4404F9E4-389D-4E02-A460-1D700D3DDC04}.Release|x86.Build.0 = Release|Any CPU
		{40D6E5E2-FF5C-4AA5-9F53-06F628CB7859}.Debug|Any CPU.ActiveCfg = Debug|Any CPU
		{40D6E5E2-FF5C-4AA5-9F53-06F628CB7859}.Debug|Any CPU.Build.0 = Debug|Any CPU
		{40D6E5E2-FF5C-4AA5-9F53-06F628CB7859}.Debug|x64.ActiveCfg = Debug|Any CPU
		{40D6E5E2-FF5C-4AA5-9F53-06F628CB7859}.Debug|x64.Build.0 = Debug|Any CPU
		{40D6E5E2-FF5C-4AA5-9F53-06F628CB7859}.Debug|x86.ActiveCfg = Debug|Any CPU
		{40D6E5E2-FF5C-4AA5-9F53-06F628CB7859}.Debug|x86.Build.0 = Debug|Any CPU
		{40D6E5E2-FF5C-4AA5-9F53-06F628CB7859}.Release|Any CPU.ActiveCfg = Release|Any CPU
		{40D6E5E2-FF5C-4AA5-9F53-06F628CB7859}.Release|Any CPU.Build.0 = Release|Any CPU
		{40D6E5E2-FF5C-4AA5-9F53-06F628CB7859}.Release|x64.ActiveCfg = Release|Any CPU
		{40D6E5E2-FF5C-4AA5-9F53-06F628CB7859}.Release|x64.Build.0 = Release|Any CPU
		{40D6E5E2-FF5C-4AA5-9F53-06F628CB7859}.Release|x86.ActiveCfg = Release|Any CPU
		{40D6E5E2-FF5C-4AA5-9F53-06F628CB7859}.Release|x86.Build.0 = Release|Any CPU
		{195A6351-FD36-4642-BB49-1CED17CB3907}.Debug|Any CPU.ActiveCfg = Debug|Any CPU
		{195A6351-FD36-4642-BB49-1CED17CB3907}.Debug|Any CPU.Build.0 = Debug|Any CPU
		{195A6351-FD36-4642-BB49-1CED17CB3907}.Debug|x64.ActiveCfg = Debug|Any CPU
		{195A6351-FD36-4642-BB49-1CED17CB3907}.Debug|x64.Build.0 = Debug|Any CPU
		{195A6351-FD36-4642-BB49-1CED17CB3907}.Debug|x86.ActiveCfg = Debug|Any CPU
		{195A6351-FD36-4642-BB49-1CED17CB3907}.Debug|x86.Build.0 = Debug|Any CPU
		{195A6351-FD36-4642-BB49-1CED17CB3907}.Release|Any CPU.ActiveCfg = Release|Any CPU
		{195A6351-FD36-4642-BB49-1CED17CB3907}.Release|Any CPU.Build.0 = Release|Any CPU
		{195A6351-FD36-4642-BB49-1CED17CB3907}.Release|x64.ActiveCfg = Release|Any CPU
		{195A6351-FD36-4642-BB49-1CED17CB3907}.Release|x64.Build.0 = Release|Any CPU
		{195A6351-FD36-4642-BB49-1CED17CB3907}.Release|x86.ActiveCfg = Release|Any CPU
		{195A6351-FD36-4642-BB49-1CED17CB3907}.Release|x86.Build.0 = Release|Any CPU
		{BEEDBADB-7BBF-4EDE-A062-0DE6693A192D}.Debug|Any CPU.ActiveCfg = Debug|Any CPU
		{BEEDBADB-7BBF-4EDE-A062-0DE6693A192D}.Debug|Any CPU.Build.0 = Debug|Any CPU
		{BEEDBADB-7BBF-4EDE-A062-0DE6693A192D}.Debug|x64.ActiveCfg = Debug|Any CPU
		{BEEDBADB-7BBF-4EDE-A062-0DE6693A192D}.Debug|x64.Build.0 = Debug|Any CPU
		{BEEDBADB-7BBF-4EDE-A062-0DE6693A192D}.Debug|x86.ActiveCfg = Debug|Any CPU
		{BEEDBADB-7BBF-4EDE-A062-0DE6693A192D}.Debug|x86.Build.0 = Debug|Any CPU
		{BEEDBADB-7BBF-4EDE-A062-0DE6693A192D}.Release|Any CPU.ActiveCfg = Release|Any CPU
		{BEEDBADB-7BBF-4EDE-A062-0DE6693A192D}.Release|Any CPU.Build.0 = Release|Any CPU
		{BEEDBADB-7BBF-4EDE-A062-0DE6693A192D}.Release|x64.ActiveCfg = Release|Any CPU
		{BEEDBADB-7BBF-4EDE-A062-0DE6693A192D}.Release|x64.Build.0 = Release|Any CPU
		{BEEDBADB-7BBF-4EDE-A062-0DE6693A192D}.Release|x86.ActiveCfg = Release|Any CPU
		{BEEDBADB-7BBF-4EDE-A062-0DE6693A192D}.Release|x86.Build.0 = Release|Any CPU
		{E8825797-A4F7-4AC5-B54C-7D395B202AF1}.Debug|Any CPU.ActiveCfg = Debug|Any CPU
		{E8825797-A4F7-4AC5-B54C-7D395B202AF1}.Debug|Any CPU.Build.0 = Debug|Any CPU
		{E8825797-A4F7-4AC5-B54C-7D395B202AF1}.Debug|x64.ActiveCfg = Debug|Any CPU
		{E8825797-A4F7-4AC5-B54C-7D395B202AF1}.Debug|x64.Build.0 = Debug|Any CPU
		{E8825797-A4F7-4AC5-B54C-7D395B202AF1}.Debug|x86.ActiveCfg = Debug|Any CPU
		{E8825797-A4F7-4AC5-B54C-7D395B202AF1}.Debug|x86.Build.0 = Debug|Any CPU
		{E8825797-A4F7-4AC5-B54C-7D395B202AF1}.Release|Any CPU.ActiveCfg = Release|Any CPU
		{E8825797-A4F7-4AC5-B54C-7D395B202AF1}.Release|Any CPU.Build.0 = Release|Any CPU
		{E8825797-A4F7-4AC5-B54C-7D395B202AF1}.Release|x64.ActiveCfg = Release|Any CPU
		{E8825797-A4F7-4AC5-B54C-7D395B202AF1}.Release|x64.Build.0 = Release|Any CPU
		{E8825797-A4F7-4AC5-B54C-7D395B202AF1}.Release|x86.ActiveCfg = Release|Any CPU
		{E8825797-A4F7-4AC5-B54C-7D395B202AF1}.Release|x86.Build.0 = Release|Any CPU
		{55F86715-F353-4E59-8AFA-E8208EB0B9BC}.Debug|Any CPU.ActiveCfg = Debug|Any CPU
		{55F86715-F353-4E59-8AFA-E8208EB0B9BC}.Debug|Any CPU.Build.0 = Debug|Any CPU
		{55F86715-F353-4E59-8AFA-E8208EB0B9BC}.Debug|x64.ActiveCfg = Debug|Any CPU
		{55F86715-F353-4E59-8AFA-E8208EB0B9BC}.Debug|x64.Build.0 = Debug|Any CPU
		{55F86715-F353-4E59-8AFA-E8208EB0B9BC}.Debug|x86.ActiveCfg = Debug|Any CPU
		{55F86715-F353-4E59-8AFA-E8208EB0B9BC}.Debug|x86.Build.0 = Debug|Any CPU
		{55F86715-F353-4E59-8AFA-E8208EB0B9BC}.Release|Any CPU.ActiveCfg = Release|Any CPU
		{55F86715-F353-4E59-8AFA-E8208EB0B9BC}.Release|Any CPU.Build.0 = Release|Any CPU
		{55F86715-F353-4E59-8AFA-E8208EB0B9BC}.Release|x64.ActiveCfg = Release|Any CPU
		{55F86715-F353-4E59-8AFA-E8208EB0B9BC}.Release|x64.Build.0 = Release|Any CPU
		{55F86715-F353-4E59-8AFA-E8208EB0B9BC}.Release|x86.ActiveCfg = Release|Any CPU
		{55F86715-F353-4E59-8AFA-E8208EB0B9BC}.Release|x86.Build.0 = Release|Any CPU
		{CE68A544-54D5-46CB-B699-E953A3C6C481}.Debug|Any CPU.ActiveCfg = Debug|Any CPU
		{CE68A544-54D5-46CB-B699-E953A3C6C481}.Debug|Any CPU.Build.0 = Debug|Any CPU
		{CE68A544-54D5-46CB-B699-E953A3C6C481}.Debug|x64.ActiveCfg = Debug|Any CPU
		{CE68A544-54D5-46CB-B699-E953A3C6C481}.Debug|x64.Build.0 = Debug|Any CPU
		{CE68A544-54D5-46CB-B699-E953A3C6C481}.Debug|x86.ActiveCfg = Debug|Any CPU
		{CE68A544-54D5-46CB-B699-E953A3C6C481}.Debug|x86.Build.0 = Debug|Any CPU
		{CE68A544-54D5-46CB-B699-E953A3C6C481}.Release|Any CPU.ActiveCfg = Release|Any CPU
		{CE68A544-54D5-46CB-B699-E953A3C6C481}.Release|Any CPU.Build.0 = Release|Any CPU
		{CE68A544-54D5-46CB-B699-E953A3C6C481}.Release|x64.ActiveCfg = Release|Any CPU
		{CE68A544-54D5-46CB-B699-E953A3C6C481}.Release|x64.Build.0 = Release|Any CPU
		{CE68A544-54D5-46CB-B699-E953A3C6C481}.Release|x86.ActiveCfg = Release|Any CPU
		{CE68A544-54D5-46CB-B699-E953A3C6C481}.Release|x86.Build.0 = Release|Any CPU
		{D45B624C-274D-4E24-81D6-1024EA980CC5}.Debug|Any CPU.ActiveCfg = Debug|Any CPU
		{D45B624C-274D-4E24-81D6-1024EA980CC5}.Debug|Any CPU.Build.0 = Debug|Any CPU
		{D45B624C-274D-4E24-81D6-1024EA980CC5}.Debug|x64.ActiveCfg = Debug|Any CPU
		{D45B624C-274D-4E24-81D6-1024EA980CC5}.Debug|x64.Build.0 = Debug|Any CPU
		{D45B624C-274D-4E24-81D6-1024EA980CC5}.Debug|x86.ActiveCfg = Debug|Any CPU
		{D45B624C-274D-4E24-81D6-1024EA980CC5}.Debug|x86.Build.0 = Debug|Any CPU
		{D45B624C-274D-4E24-81D6-1024EA980CC5}.Release|Any CPU.ActiveCfg = Release|Any CPU
		{D45B624C-274D-4E24-81D6-1024EA980CC5}.Release|Any CPU.Build.0 = Release|Any CPU
		{D45B624C-274D-4E24-81D6-1024EA980CC5}.Release|x64.ActiveCfg = Release|Any CPU
		{D45B624C-274D-4E24-81D6-1024EA980CC5}.Release|x64.Build.0 = Release|Any CPU
		{D45B624C-274D-4E24-81D6-1024EA980CC5}.Release|x86.ActiveCfg = Release|Any CPU
		{D45B624C-274D-4E24-81D6-1024EA980CC5}.Release|x86.Build.0 = Release|Any CPU
		{1B7FD7E6-9347-4BD7-91E8-8F57E81A4B40}.Debug|Any CPU.ActiveCfg = Debug|Any CPU
		{1B7FD7E6-9347-4BD7-91E8-8F57E81A4B40}.Debug|Any CPU.Build.0 = Debug|Any CPU
		{1B7FD7E6-9347-4BD7-91E8-8F57E81A4B40}.Debug|x64.ActiveCfg = Debug|Any CPU
		{1B7FD7E6-9347-4BD7-91E8-8F57E81A4B40}.Debug|x64.Build.0 = Debug|Any CPU
		{1B7FD7E6-9347-4BD7-91E8-8F57E81A4B40}.Debug|x86.ActiveCfg = Debug|Any CPU
		{1B7FD7E6-9347-4BD7-91E8-8F57E81A4B40}.Debug|x86.Build.0 = Debug|Any CPU
		{1B7FD7E6-9347-4BD7-91E8-8F57E81A4B40}.Release|Any CPU.ActiveCfg = Release|Any CPU
		{1B7FD7E6-9347-4BD7-91E8-8F57E81A4B40}.Release|Any CPU.Build.0 = Release|Any CPU
		{1B7FD7E6-9347-4BD7-91E8-8F57E81A4B40}.Release|x64.ActiveCfg = Release|Any CPU
		{1B7FD7E6-9347-4BD7-91E8-8F57E81A4B40}.Release|x64.Build.0 = Release|Any CPU
		{1B7FD7E6-9347-4BD7-91E8-8F57E81A4B40}.Release|x86.ActiveCfg = Release|Any CPU
		{1B7FD7E6-9347-4BD7-91E8-8F57E81A4B40}.Release|x86.Build.0 = Release|Any CPU
		{7377E577-4E07-41EE-8A35-58C49245F4B8}.Debug|Any CPU.ActiveCfg = Debug|Any CPU
		{7377E577-4E07-41EE-8A35-58C49245F4B8}.Debug|Any CPU.Build.0 = Debug|Any CPU
		{7377E577-4E07-41EE-8A35-58C49245F4B8}.Debug|x64.ActiveCfg = Debug|Any CPU
		{7377E577-4E07-41EE-8A35-58C49245F4B8}.Debug|x64.Build.0 = Debug|Any CPU
		{7377E577-4E07-41EE-8A35-58C49245F4B8}.Debug|x86.ActiveCfg = Debug|Any CPU
		{7377E577-4E07-41EE-8A35-58C49245F4B8}.Debug|x86.Build.0 = Debug|Any CPU
		{7377E577-4E07-41EE-8A35-58C49245F4B8}.Release|Any CPU.ActiveCfg = Release|Any CPU
		{7377E577-4E07-41EE-8A35-58C49245F4B8}.Release|Any CPU.Build.0 = Release|Any CPU
		{7377E577-4E07-41EE-8A35-58C49245F4B8}.Release|x64.ActiveCfg = Release|Any CPU
		{7377E577-4E07-41EE-8A35-58C49245F4B8}.Release|x64.Build.0 = Release|Any CPU
		{7377E577-4E07-41EE-8A35-58C49245F4B8}.Release|x86.ActiveCfg = Release|Any CPU
		{7377E577-4E07-41EE-8A35-58C49245F4B8}.Release|x86.Build.0 = Release|Any CPU
		{6CFCBCF1-278E-4C52-907F-349DE62E5AA7}.Debug|Any CPU.ActiveCfg = Debug|Any CPU
		{6CFCBCF1-278E-4C52-907F-349DE62E5AA7}.Debug|Any CPU.Build.0 = Debug|Any CPU
		{6CFCBCF1-278E-4C52-907F-349DE62E5AA7}.Debug|x64.ActiveCfg = Debug|Any CPU
		{6CFCBCF1-278E-4C52-907F-349DE62E5AA7}.Debug|x64.Build.0 = Debug|Any CPU
		{6CFCBCF1-278E-4C52-907F-349DE62E5AA7}.Debug|x86.ActiveCfg = Debug|Any CPU
		{6CFCBCF1-278E-4C52-907F-349DE62E5AA7}.Debug|x86.Build.0 = Debug|Any CPU
		{6CFCBCF1-278E-4C52-907F-349DE62E5AA7}.Release|Any CPU.ActiveCfg = Release|Any CPU
		{6CFCBCF1-278E-4C52-907F-349DE62E5AA7}.Release|Any CPU.Build.0 = Release|Any CPU
		{6CFCBCF1-278E-4C52-907F-349DE62E5AA7}.Release|x64.ActiveCfg = Release|Any CPU
		{6CFCBCF1-278E-4C52-907F-349DE62E5AA7}.Release|x64.Build.0 = Release|Any CPU
		{6CFCBCF1-278E-4C52-907F-349DE62E5AA7}.Release|x86.ActiveCfg = Release|Any CPU
		{6CFCBCF1-278E-4C52-907F-349DE62E5AA7}.Release|x86.Build.0 = Release|Any CPU
		{56676528-F1C1-4858-BFE0-9DC5A6202745}.Debug|Any CPU.ActiveCfg = Debug|Any CPU
		{56676528-F1C1-4858-BFE0-9DC5A6202745}.Debug|Any CPU.Build.0 = Debug|Any CPU
		{56676528-F1C1-4858-BFE0-9DC5A6202745}.Debug|x64.ActiveCfg = Debug|Any CPU
		{56676528-F1C1-4858-BFE0-9DC5A6202745}.Debug|x64.Build.0 = Debug|Any CPU
		{56676528-F1C1-4858-BFE0-9DC5A6202745}.Debug|x86.ActiveCfg = Debug|Any CPU
		{56676528-F1C1-4858-BFE0-9DC5A6202745}.Debug|x86.Build.0 = Debug|Any CPU
		{56676528-F1C1-4858-BFE0-9DC5A6202745}.Release|Any CPU.ActiveCfg = Release|Any CPU
		{56676528-F1C1-4858-BFE0-9DC5A6202745}.Release|Any CPU.Build.0 = Release|Any CPU
		{56676528-F1C1-4858-BFE0-9DC5A6202745}.Release|x64.ActiveCfg = Release|Any CPU
		{56676528-F1C1-4858-BFE0-9DC5A6202745}.Release|x64.Build.0 = Release|Any CPU
		{56676528-F1C1-4858-BFE0-9DC5A6202745}.Release|x86.ActiveCfg = Release|Any CPU
		{56676528-F1C1-4858-BFE0-9DC5A6202745}.Release|x86.Build.0 = Release|Any CPU
		{24451485-D655-4883-9F29-8B3275F302EB}.Debug|Any CPU.ActiveCfg = Debug|Any CPU
		{24451485-D655-4883-9F29-8B3275F302EB}.Debug|Any CPU.Build.0 = Debug|Any CPU
		{24451485-D655-4883-9F29-8B3275F302EB}.Debug|x64.ActiveCfg = Debug|Any CPU
		{24451485-D655-4883-9F29-8B3275F302EB}.Debug|x64.Build.0 = Debug|Any CPU
		{24451485-D655-4883-9F29-8B3275F302EB}.Debug|x86.ActiveCfg = Debug|Any CPU
		{24451485-D655-4883-9F29-8B3275F302EB}.Debug|x86.Build.0 = Debug|Any CPU
		{24451485-D655-4883-9F29-8B3275F302EB}.Release|Any CPU.ActiveCfg = Release|Any CPU
		{24451485-D655-4883-9F29-8B3275F302EB}.Release|Any CPU.Build.0 = Release|Any CPU
		{24451485-D655-4883-9F29-8B3275F302EB}.Release|x64.ActiveCfg = Release|Any CPU
		{24451485-D655-4883-9F29-8B3275F302EB}.Release|x64.Build.0 = Release|Any CPU
		{24451485-D655-4883-9F29-8B3275F302EB}.Release|x86.ActiveCfg = Release|Any CPU
		{24451485-D655-4883-9F29-8B3275F302EB}.Release|x86.Build.0 = Release|Any CPU
		{7432A20D-15E2-4DD8-ADAF-FE8F10236C38}.Debug|Any CPU.ActiveCfg = Debug|Any CPU
		{7432A20D-15E2-4DD8-ADAF-FE8F10236C38}.Debug|Any CPU.Build.0 = Debug|Any CPU
		{7432A20D-15E2-4DD8-ADAF-FE8F10236C38}.Debug|x64.ActiveCfg = Debug|Any CPU
		{7432A20D-15E2-4DD8-ADAF-FE8F10236C38}.Debug|x64.Build.0 = Debug|Any CPU
		{7432A20D-15E2-4DD8-ADAF-FE8F10236C38}.Debug|x86.ActiveCfg = Debug|Any CPU
		{7432A20D-15E2-4DD8-ADAF-FE8F10236C38}.Debug|x86.Build.0 = Debug|Any CPU
		{7432A20D-15E2-4DD8-ADAF-FE8F10236C38}.Release|Any CPU.ActiveCfg = Release|Any CPU
		{7432A20D-15E2-4DD8-ADAF-FE8F10236C38}.Release|Any CPU.Build.0 = Release|Any CPU
		{7432A20D-15E2-4DD8-ADAF-FE8F10236C38}.Release|x64.ActiveCfg = Release|Any CPU
		{7432A20D-15E2-4DD8-ADAF-FE8F10236C38}.Release|x64.Build.0 = Release|Any CPU
		{7432A20D-15E2-4DD8-ADAF-FE8F10236C38}.Release|x86.ActiveCfg = Release|Any CPU
		{7432A20D-15E2-4DD8-ADAF-FE8F10236C38}.Release|x86.Build.0 = Release|Any CPU
		{AF037B66-20F0-4264-98EE-512104814D24}.Debug|Any CPU.ActiveCfg = Debug|Any CPU
		{AF037B66-20F0-4264-98EE-512104814D24}.Debug|Any CPU.Build.0 = Debug|Any CPU
		{AF037B66-20F0-4264-98EE-512104814D24}.Debug|x64.ActiveCfg = Debug|Any CPU
		{AF037B66-20F0-4264-98EE-512104814D24}.Debug|x64.Build.0 = Debug|Any CPU
		{AF037B66-20F0-4264-98EE-512104814D24}.Debug|x86.ActiveCfg = Debug|Any CPU
		{AF037B66-20F0-4264-98EE-512104814D24}.Debug|x86.Build.0 = Debug|Any CPU
		{AF037B66-20F0-4264-98EE-512104814D24}.Release|Any CPU.ActiveCfg = Release|Any CPU
		{AF037B66-20F0-4264-98EE-512104814D24}.Release|Any CPU.Build.0 = Release|Any CPU
		{AF037B66-20F0-4264-98EE-512104814D24}.Release|x64.ActiveCfg = Release|Any CPU
		{AF037B66-20F0-4264-98EE-512104814D24}.Release|x64.Build.0 = Release|Any CPU
		{AF037B66-20F0-4264-98EE-512104814D24}.Release|x86.ActiveCfg = Release|Any CPU
		{AF037B66-20F0-4264-98EE-512104814D24}.Release|x86.Build.0 = Release|Any CPU
		{E47AC6BA-90E5-4E3E-9C17-B6ACF9D0A870}.Debug|Any CPU.ActiveCfg = Debug|Any CPU
		{E47AC6BA-90E5-4E3E-9C17-B6ACF9D0A870}.Debug|Any CPU.Build.0 = Debug|Any CPU
		{E47AC6BA-90E5-4E3E-9C17-B6ACF9D0A870}.Debug|x64.ActiveCfg = Debug|Any CPU
		{E47AC6BA-90E5-4E3E-9C17-B6ACF9D0A870}.Debug|x64.Build.0 = Debug|Any CPU
		{E47AC6BA-90E5-4E3E-9C17-B6ACF9D0A870}.Debug|x86.ActiveCfg = Debug|Any CPU
		{E47AC6BA-90E5-4E3E-9C17-B6ACF9D0A870}.Debug|x86.Build.0 = Debug|Any CPU
		{E47AC6BA-90E5-4E3E-9C17-B6ACF9D0A870}.Release|Any CPU.ActiveCfg = Release|Any CPU
		{E47AC6BA-90E5-4E3E-9C17-B6ACF9D0A870}.Release|Any CPU.Build.0 = Release|Any CPU
		{E47AC6BA-90E5-4E3E-9C17-B6ACF9D0A870}.Release|x64.ActiveCfg = Release|Any CPU
		{E47AC6BA-90E5-4E3E-9C17-B6ACF9D0A870}.Release|x64.Build.0 = Release|Any CPU
		{E47AC6BA-90E5-4E3E-9C17-B6ACF9D0A870}.Release|x86.ActiveCfg = Release|Any CPU
		{E47AC6BA-90E5-4E3E-9C17-B6ACF9D0A870}.Release|x86.Build.0 = Release|Any CPU
		{DC671031-CA10-4B54-95F6-2EA04E8D25DB}.Debug|Any CPU.ActiveCfg = Debug|Any CPU
		{DC671031-CA10-4B54-95F6-2EA04E8D25DB}.Debug|Any CPU.Build.0 = Debug|Any CPU
		{DC671031-CA10-4B54-95F6-2EA04E8D25DB}.Debug|x64.ActiveCfg = Debug|Any CPU
		{DC671031-CA10-4B54-95F6-2EA04E8D25DB}.Debug|x64.Build.0 = Debug|Any CPU
		{DC671031-CA10-4B54-95F6-2EA04E8D25DB}.Debug|x86.ActiveCfg = Debug|Any CPU
		{DC671031-CA10-4B54-95F6-2EA04E8D25DB}.Debug|x86.Build.0 = Debug|Any CPU
		{DC671031-CA10-4B54-95F6-2EA04E8D25DB}.Release|Any CPU.ActiveCfg = Release|Any CPU
		{DC671031-CA10-4B54-95F6-2EA04E8D25DB}.Release|Any CPU.Build.0 = Release|Any CPU
		{DC671031-CA10-4B54-95F6-2EA04E8D25DB}.Release|x64.ActiveCfg = Release|Any CPU
		{DC671031-CA10-4B54-95F6-2EA04E8D25DB}.Release|x64.Build.0 = Release|Any CPU
		{DC671031-CA10-4B54-95F6-2EA04E8D25DB}.Release|x86.ActiveCfg = Release|Any CPU
		{DC671031-CA10-4B54-95F6-2EA04E8D25DB}.Release|x86.Build.0 = Release|Any CPU
		{620C22E5-6300-4B23-A565-328F3BDE7A94}.Debug|Any CPU.ActiveCfg = Debug|Any CPU
		{620C22E5-6300-4B23-A565-328F3BDE7A94}.Debug|Any CPU.Build.0 = Debug|Any CPU
		{620C22E5-6300-4B23-A565-328F3BDE7A94}.Debug|x64.ActiveCfg = Debug|Any CPU
		{620C22E5-6300-4B23-A565-328F3BDE7A94}.Debug|x64.Build.0 = Debug|Any CPU
		{620C22E5-6300-4B23-A565-328F3BDE7A94}.Debug|x86.ActiveCfg = Debug|Any CPU
		{620C22E5-6300-4B23-A565-328F3BDE7A94}.Debug|x86.Build.0 = Debug|Any CPU
		{620C22E5-6300-4B23-A565-328F3BDE7A94}.Release|Any CPU.ActiveCfg = Release|Any CPU
		{620C22E5-6300-4B23-A565-328F3BDE7A94}.Release|Any CPU.Build.0 = Release|Any CPU
		{620C22E5-6300-4B23-A565-328F3BDE7A94}.Release|x64.ActiveCfg = Release|Any CPU
		{620C22E5-6300-4B23-A565-328F3BDE7A94}.Release|x64.Build.0 = Release|Any CPU
		{620C22E5-6300-4B23-A565-328F3BDE7A94}.Release|x86.ActiveCfg = Release|Any CPU
		{620C22E5-6300-4B23-A565-328F3BDE7A94}.Release|x86.Build.0 = Release|Any CPU
		{30AD045F-E096-4721-B160-0B8E1EDE744D}.Debug|Any CPU.ActiveCfg = Debug|Any CPU
		{30AD045F-E096-4721-B160-0B8E1EDE744D}.Debug|Any CPU.Build.0 = Debug|Any CPU
		{30AD045F-E096-4721-B160-0B8E1EDE744D}.Debug|x64.ActiveCfg = Debug|Any CPU
		{30AD045F-E096-4721-B160-0B8E1EDE744D}.Debug|x64.Build.0 = Debug|Any CPU
		{30AD045F-E096-4721-B160-0B8E1EDE744D}.Debug|x86.ActiveCfg = Debug|Any CPU
		{30AD045F-E096-4721-B160-0B8E1EDE744D}.Debug|x86.Build.0 = Debug|Any CPU
		{30AD045F-E096-4721-B160-0B8E1EDE744D}.Release|Any CPU.ActiveCfg = Release|Any CPU
		{30AD045F-E096-4721-B160-0B8E1EDE744D}.Release|Any CPU.Build.0 = Release|Any CPU
		{30AD045F-E096-4721-B160-0B8E1EDE744D}.Release|x64.ActiveCfg = Release|Any CPU
		{30AD045F-E096-4721-B160-0B8E1EDE744D}.Release|x64.Build.0 = Release|Any CPU
		{30AD045F-E096-4721-B160-0B8E1EDE744D}.Release|x86.ActiveCfg = Release|Any CPU
		{30AD045F-E096-4721-B160-0B8E1EDE744D}.Release|x86.Build.0 = Release|Any CPU
		{920D2F51-F98B-4CB7-A7B2-D3643F52B0AA}.Debug|Any CPU.ActiveCfg = Debug|Any CPU
		{920D2F51-F98B-4CB7-A7B2-D3643F52B0AA}.Debug|Any CPU.Build.0 = Debug|Any CPU
		{920D2F51-F98B-4CB7-A7B2-D3643F52B0AA}.Debug|x64.ActiveCfg = Debug|Any CPU
		{920D2F51-F98B-4CB7-A7B2-D3643F52B0AA}.Debug|x64.Build.0 = Debug|Any CPU
		{920D2F51-F98B-4CB7-A7B2-D3643F52B0AA}.Debug|x86.ActiveCfg = Debug|Any CPU
		{920D2F51-F98B-4CB7-A7B2-D3643F52B0AA}.Debug|x86.Build.0 = Debug|Any CPU
		{920D2F51-F98B-4CB7-A7B2-D3643F52B0AA}.Release|Any CPU.ActiveCfg = Release|Any CPU
		{920D2F51-F98B-4CB7-A7B2-D3643F52B0AA}.Release|Any CPU.Build.0 = Release|Any CPU
		{920D2F51-F98B-4CB7-A7B2-D3643F52B0AA}.Release|x64.ActiveCfg = Release|Any CPU
		{920D2F51-F98B-4CB7-A7B2-D3643F52B0AA}.Release|x64.Build.0 = Release|Any CPU
		{920D2F51-F98B-4CB7-A7B2-D3643F52B0AA}.Release|x86.ActiveCfg = Release|Any CPU
		{920D2F51-F98B-4CB7-A7B2-D3643F52B0AA}.Release|x86.Build.0 = Release|Any CPU
		{3D49C996-4F94-41A5-A936-19E1E3FD9CFC}.Debug|Any CPU.ActiveCfg = Debug|Any CPU
		{3D49C996-4F94-41A5-A936-19E1E3FD9CFC}.Debug|Any CPU.Build.0 = Debug|Any CPU
		{3D49C996-4F94-41A5-A936-19E1E3FD9CFC}.Debug|x64.ActiveCfg = Debug|Any CPU
		{3D49C996-4F94-41A5-A936-19E1E3FD9CFC}.Debug|x64.Build.0 = Debug|Any CPU
		{3D49C996-4F94-41A5-A936-19E1E3FD9CFC}.Debug|x86.ActiveCfg = Debug|Any CPU
		{3D49C996-4F94-41A5-A936-19E1E3FD9CFC}.Debug|x86.Build.0 = Debug|Any CPU
		{3D49C996-4F94-41A5-A936-19E1E3FD9CFC}.Release|Any CPU.ActiveCfg = Release|Any CPU
		{3D49C996-4F94-41A5-A936-19E1E3FD9CFC}.Release|Any CPU.Build.0 = Release|Any CPU
		{3D49C996-4F94-41A5-A936-19E1E3FD9CFC}.Release|x64.ActiveCfg = Release|Any CPU
		{3D49C996-4F94-41A5-A936-19E1E3FD9CFC}.Release|x64.Build.0 = Release|Any CPU
		{3D49C996-4F94-41A5-A936-19E1E3FD9CFC}.Release|x86.ActiveCfg = Release|Any CPU
		{3D49C996-4F94-41A5-A936-19E1E3FD9CFC}.Release|x86.Build.0 = Release|Any CPU
		{AFAA0C6C-74B2-4569-BD49-863F8774FE9C}.Debug|Any CPU.ActiveCfg = Debug|Any CPU
		{AFAA0C6C-74B2-4569-BD49-863F8774FE9C}.Debug|Any CPU.Build.0 = Debug|Any CPU
		{AFAA0C6C-74B2-4569-BD49-863F8774FE9C}.Debug|x64.ActiveCfg = Debug|Any CPU
		{AFAA0C6C-74B2-4569-BD49-863F8774FE9C}.Debug|x64.Build.0 = Debug|Any CPU
		{AFAA0C6C-74B2-4569-BD49-863F8774FE9C}.Debug|x86.ActiveCfg = Debug|Any CPU
		{AFAA0C6C-74B2-4569-BD49-863F8774FE9C}.Debug|x86.Build.0 = Debug|Any CPU
		{AFAA0C6C-74B2-4569-BD49-863F8774FE9C}.Release|Any CPU.ActiveCfg = Release|Any CPU
		{AFAA0C6C-74B2-4569-BD49-863F8774FE9C}.Release|Any CPU.Build.0 = Release|Any CPU
		{AFAA0C6C-74B2-4569-BD49-863F8774FE9C}.Release|x64.ActiveCfg = Release|Any CPU
		{AFAA0C6C-74B2-4569-BD49-863F8774FE9C}.Release|x64.Build.0 = Release|Any CPU
		{AFAA0C6C-74B2-4569-BD49-863F8774FE9C}.Release|x86.ActiveCfg = Release|Any CPU
		{AFAA0C6C-74B2-4569-BD49-863F8774FE9C}.Release|x86.Build.0 = Release|Any CPU
	EndGlobalSection
	GlobalSection(SolutionProperties) = preSolution
		HideSolutionNode = FALSE
	EndGlobalSection
	GlobalSection(NestedProjects) = preSolution
		{3D49C996-4F94-41A5-A936-19E1E3FD9CFC} = {06893BF2-6934-4BDC-BD74-732BE5447484}
	EndGlobalSection
	GlobalSection(ExtensibilityGlobals) = postSolution
		SolutionGuid = {A18F3FF4-2477-4362-B820-285C98E365F0}
	EndGlobalSection
EndGlobal
